
Microsoft Visual Studio Solution File, Format Version 12.00
# Visual Studio Version 16
VisualStudioVersion = 16.0.31911.196
MinimumVisualStudioVersion = 10.0.40219.1
Project("{FAE04EC0-301F-11D3-BF4B-00C04F79EFBC}") = "RentApplication", "RentApplication.csproj", "{F5DE78D3-5539-404B-B893-6111BDF3DDE9}"
EndProject
Global
	GlobalSection(SolutionConfigurationPlatforms) = preSolution
		Debug|Any CPU = Debug|Any CPU
		Release|Any CPU = Release|Any CPU
	EndGlobalSection
	GlobalSection(ProjectConfigurationPlatforms) = postSolution
		{F5DE78D3-5539-404B-B893-6111BDF3DDE9}.Debug|Any CPU.ActiveCfg = Debug|Any CPU
		{F5DE78D3-5539-404B-B893-6111BDF3DDE9}.Debug|Any CPU.Build.0 = Debug|Any CPU
		{F5DE78D3-5539-404B-B893-6111BDF3DDE9}.Release|Any CPU.ActiveCfg = Release|Any CPU
		{F5DE78D3-5539-404B-B893-6111BDF3DDE9}.Release|Any CPU.Build.0 = Release|Any CPU
	EndGlobalSection
	GlobalSection(SolutionProperties) = preSolution
		HideSolutionNode = FALSE
	EndGlobalSection
	GlobalSection(ExtensibilityGlobals) = postSolution
		SolutionGuid = {CA69540F-600C-4A4B-B607-89D8D2CC637B}
	EndGlobalSection
EndGlobal
